
Microsoft Visual Studio Solution File, Format Version 12.00
# Visual Studio Version 16
VisualStudioVersion = 16.0.31729.503
MinimumVisualStudioVersion = 10.0.40219.1
Project("{FAE04EC0-301F-11D3-BF4B-00C04F79EFBC}") = "cs3site", "cs3site\cs3site.csproj", "{7B829FE1-369E-4529-9946-5B4EAA40D360}"
EndProject
Global
	GlobalSection(SolutionConfigurationPlatforms) = preSolution
		Debug|Any CPU = Debug|Any CPU
		Release|Any CPU = Release|Any CPU
	EndGlobalSection
	GlobalSection(ProjectConfigurationPlatforms) = postSolution
		{7B829FE1-369E-4529-9946-5B4EAA40D360}.Debug|Any CPU.ActiveCfg = Debug|Any CPU
		{7B829FE1-369E-4529-9946-5B4EAA40D360}.Debug|Any CPU.Build.0 = Debug|Any CPU
		{7B829FE1-369E-4529-9946-5B4EAA40D360}.Release|Any CPU.ActiveCfg = Release|Any CPU
		{7B829FE1-369E-4529-9946-5B4EAA40D360}.Release|Any CPU.Build.0 = Release|Any CPU
	EndGlobalSection
	GlobalSection(SolutionProperties) = preSolution
		HideSolutionNode = FALSE
	EndGlobalSection
	GlobalSection(ExtensibilityGlobals) = postSolution
		SolutionGuid = {9B7C7BC8-1C6F-4A2A-A2FA-142C8E2C7BCA}
	EndGlobalSection
EndGlobal
